hash: 2a4bc1e9dcec038069605a4578de1ce5d1d23bc5266bf6dd1296959e32f08fd4
updated: 2017-04-17T09:56:48.362905783-05:00
imports:
- name: github.com/gogolfing/cli
  version: 09351426291644212cc527917a4bd727f4abeaa7
  subpackages:
  - subcommand
- name: github.com/lib/pq
  version: 472a0745531a17dbac346e828b4c60e73ddff30c
  subpackages:
  - oid
testImports: []
