hash: 19d8ae8704e37f4e8ea545c9f28955cb5350a42e22925a6e96d3264f32ef7551
updated: 2017-04-17T10:22:44.883512415-05:00
imports:
- name: github.com/gogolfing/cli
  version: 09351426291644212cc527917a4bd727f4abeaa7
  subpackages:
  - subcommand
- name: github.com/lib/pq
  version: 472a0745531a17dbac346e828b4c60e73ddff30c
  subpackages:
  - oid
testImports: []
